// !$*UTF8*$!
{
	archiveVersion = 1;
	classes = {
	};
	objectVersion = 46;
	objects = {

/* Begin PBXBuildFile section */
		2B709FD01D0761F400D15D43 /* AppDelegate.swift in Sources */ = {isa = PBXBuildFile; fileRef = 2B709FCF1D0761F300D15D43 /* AppDelegate.swift */; };
		2B709FD21D0761F400D15D43 /* ViewController.swift in Sources */ = {isa = PBXBuildFile; fileRef = 2B709FD11D0761F400D15D43 /* ViewController.swift */; };
		2B709FD41D0761F400D15D43 /* Document.swift in Sources */ = {isa = PBXBuildFile; fileRef = 2B709FD31D0761F400D15D43 /* Document.swift */; };
		2B709FD71D0761F400D15D43 /* Document.xcdatamodeld in Sources */ = {isa = PBXBuildFile; fileRef = 2B709FD51D0761F400D15D43 /* Document.xcdatamodeld */; };
		2B709FD91D0761F400D15D43 /* Assets.xcassets in Resources */ = {isa = PBXBuildFile; fileRef = 2B709FD81D0761F400D15D43 /* Assets.xcassets */; };
		2B709FDC1D0761F400D15D43 /* Main.storyboard in Resources */ = {isa = PBXBuildFile; fileRef = 2B709FDA1D0761F400D15D43 /* Main.storyboard */; };
		2B709FE71D0761F400D15D43 /* TAMIXTests.swift in Sources */ = {isa = PBXBuildFile; fileRef = 2B709FE61D0761F400D15D43 /* TAMIXTests.swift */; };
		2B709FF21D0761F400D15D43 /* TAMIXUITests.swift in Sources */ = {isa = PBXBuildFile; fileRef = 2B709FF11D0761F400D15D43 /* TAMIXUITests.swift */; };
/* End PBXBuildFile section */

/* Begin PBXContainerItemProxy section */
		2B709FE31D0761F400D15D43 /* PBXContainerItemProxy */ = {
			isa = PBXContainerItemProxy;
			containerPortal = 2B709FC41D0761F300D15D43 /* Project object */;
			proxyType = 1;
			remoteGlobalIDString = 2B709FCB1D0761F300D15D43;
			remoteInfo = TAMIX;
		};
		2B709FEE1D0761F400D15D43 /* PBXContainerItemProxy */ = {
			isa = PBXContainerItemProxy;
			containerPortal = 2B709FC41D0761F300D15D43 /* Project object */;
			proxyType = 1;
			remoteGlobalIDString = 2B709FCB1D0761F300D15D43;
			remoteInfo = TAMIX;
		};
/* End PBXContainerItemProxy section */

/* Begin PBXFileReference section */
		2B709FCC1D0761F300D15D43 /* TAMIX.app */ = {isa = PBXFileReference; explicitFileType = wrapper.application; includeInIndex = 0; path = TAMIX.app; sourceTree = BUILT_PRODUCTS_DIR; };
		2B709FCF1D0761F300D15D43 /* AppDelegate.swift */ = {isa = PBXFileReference; lastKnownFileType = sourcecode.swift; path = AppDelegate.swift; sourceTree = "<group>"; };
		2B709FD11D0761F400D15D43 /* ViewController.swift */ = {isa = PBXFileReference; lastKnownFileType = sourcecode.swift; path = ViewController.swift; sourceTree = "<group>"; };
		2B709FD31D0761F400D15D43 /* Document.swift */ = {isa = PBXFileReference; lastKnownFileType = sourcecode.swift; path = Document.swift; sourceTree = "<group>"; };
		2B709FD61D0761F400D15D43 /* Document.xcdatamodel */ = {isa = PBXFileReference; lastKnownFileType = wrapper.xcdatamodel; path = Document.xcdatamodel; sourceTree = "<group>"; };
		2B709FD81D0761F400D15D43 /* Assets.xcassets */ = {isa = PBXFileReference; lastKnownFileType = folder.assetcatalog; path = Assets.xcassets; sourceTree = "<group>"; };
		2B709FDB1D0761F400D15D43 /* Base */ = {isa = PBXFileReference; lastKnownFileType = file.storyboard; name = Base; path = Base.lproj/Main.storyboard; sourceTree = "<group>"; };
		2B709FDD1D0761F400D15D43 /* Info.plist */ = {isa = PBXFileReference; lastKnownFileType = text.plist.xml; path = Info.plist; sourceTree = "<group>"; };
		2B709FE21D0761F400D15D43 /* TAMIXTests.xctest */ = {isa = PBXFileReference; explicitFileType = wrapper.cfbundle; includeInIndex = 0; path = TAMIXTests.xctest; sourceTree = BUILT_PRODUCTS_DIR; };
		2B709FE61D0761F400D15D43 /* TAMIXTests.swift */ = {isa = PBXFileReference; lastKnownFileType = sourcecode.swift; path = TAMIXTests.swift; sourceTree = "<group>"; };
		2B709FE81D0761F400D15D43 /* Info.plist */ = {isa = PBXFileReference; lastKnownFileType = text.plist.xml; path = Info.plist; sourceTree = "<group>"; };
		2B709FED1D0761F400D15D43 /* TAMIXUITests.xctest */ = {isa = PBXFileReference; explicitFileType = wrapper.cfbundle; includeInIndex = 0; path = TAMIXUITests.xctest; sourceTree = BUILT_PRODUCTS_DIR; };
		2B709FF11D0761F400D15D43 /* TAMIXUITests.swift */ = {isa = PBXFileReference; lastKnownFileType = sourcecode.swift; path = TAMIXUITests.swift; sourceTree = "<group>"; };
		2B709FF31D0761F400D15D43 /* Info.plist */ = {isa = PBXFileReference; lastKnownFileType = text.plist.xml; path = Info.plist; sourceTree = "<group>"; };
/* End PBXFileReference section */

/* Begin PBXFrameworksBuildPhase section */
		2B709FC91D0761F300D15D43 /* Frameworks */ = {
			isa = PBXFrameworksBuildPhase;
			buildActionMask = 2147483647;
			files = (
			);
			runOnlyForDeploymentPostprocessing = 0;
		};
		2B709FDF1D0761F400D15D43 /* Frameworks */ = {
			isa = PBXFrameworksBuildPhase;
			buildActionMask = 2147483647;
			files = (
			);
			runOnlyForDeploymentPostprocessing = 0;
		};
		2B709FEA1D0761F400D15D43 /* Frameworks */ = {
			isa = PBXFrameworksBuildPhase;
			buildActionMask = 2147483647;
			files = (
			);
			runOnlyForDeploymentPostprocessing = 0;
		};
/* End PBXFrameworksBuildPhase section */

/* Begin PBXGroup section */
		2B709FC31D0761F300D15D43 = {
			isa = PBXGroup;
			children = (
				2B709FCE1D0761F300D15D43 /* TAMIX */,
				2B709FE51D0761F400D15D43 /* TAMIXTests */,
				2B709FF01D0761F400D15D43 /* TAMIXUITests */,
				2B709FCD1D0761F300D15D43 /* Products */,
			);
			sourceTree = "<group>";
		};
		2B709FCD1D0761F300D15D43 /* Products */ = {
			isa = PBXGroup;
			children = (
				2B709FCC1D0761F300D15D43 /* TAMIX.app */,
				2B709FE21D0761F400D15D43 /* TAMIXTests.xctest */,
				2B709FED1D0761F400D15D43 /* TAMIXUITests.xctest */,
			);
			name = Products;
			sourceTree = "<group>";
		};
		2B709FCE1D0761F300D15D43 /* TAMIX */ = {
			isa = PBXGroup;
			children = (
				2B709FCF1D0761F300D15D43 /* AppDelegate.swift */,
				2B709FD11D0761F400D15D43 /* ViewController.swift */,
				2B709FD31D0761F400D15D43 /* Document.swift */,
				2B709FD81D0761F400D15D43 /* Assets.xcassets */,
				2B709FDA1D0761F400D15D43 /* Main.storyboard */,
				2B709FDD1D0761F400D15D43 /* Info.plist */,
				2B709FD51D0761F400D15D43 /* Document.xcdatamodeld */,
			);
			path = TAMIX;
			sourceTree = "<group>";
		};
		2B709FE51D0761F400D15D43 /* TAMIXTests */ = {
			isa = PBXGroup;
			children = (
				2B709FE61D0761F400D15D43 /* TAMIXTests.swift */,
				2B709FE81D0761F400D15D43 /* Info.plist */,
			);
			path = TAMIXTests;
			sourceTree = "<group>";
		};
		2B709FF01D0761F400D15D43 /* TAMIXUITests */ = {
			isa = PBXGroup;
			children = (
				2B709FF11D0761F400D15D43 /* TAMIXUITests.swift */,
				2B709FF31D0761F400D15D43 /* Info.plist */,
			);
			path = TAMIXUITests;
			sourceTree = "<group>";
		};
/* End PBXGroup section */

/* Begin PBXNativeTarget section */
		2B709FCB1D0761F300D15D43 /* TAMIX */ = {
			isa = PBXNativeTarget;
			buildConfigurationList = 2B709FF61D0761F400D15D43 /* Build configuration list for PBXNativeTarget "TAMIX" */;
			buildPhases = (
				2B709FC81D0761F300D15D43 /* Sources */,
				2B709FC91D0761F300D15D43 /* Frameworks */,
				2B709FCA1D0761F300D15D43 /* Resources */,
			);
			buildRules = (
			);
			dependencies = (
			);
			name = TAMIX;
			productName = TAMIX;
			productReference = 2B709FCC1D0761F300D15D43 /* TAMIX.app */;
			productType = "com.apple.product-type.application";
		};
		2B709FE11D0761F400D15D43 /* TAMIXTests */ = {
			isa = PBXNativeTarget;
			buildConfigurationList = 2B709FF91D0761F400D15D43 /* Build configuration list for PBXNativeTarget "TAMIXTests" */;
			buildPhases = (
				2B709FDE1D0761F400D15D43 /* Sources */,
				2B709FDF1D0761F400D15D43 /* Frameworks */,
				2B709FE01D0761F400D15D43 /* Resources */,
			);
			buildRules = (
			);
			dependencies = (
				2B709FE41D0761F400D15D43 /* PBXTargetDependency */,
			);
			name = TAMIXTests;
			productName = TAMIXTests;
			productReference = 2B709FE21D0761F400D15D43 /* TAMIXTests.xctest */;
			productType = "com.apple.product-type.bundle.unit-test";
		};
		2B709FEC1D0761F400D15D43 /* TAMIXUITests */ = {
			isa = PBXNativeTarget;
			buildConfigurationList = 2B709FFC1D0761F400D15D43 /* Build configuration list for PBXNativeTarget "TAMIXUITests" */;
			buildPhases = (
				2B709FE91D0761F400D15D43 /* Sources */,
				2B709FEA1D0761F400D15D43 /* Frameworks */,
				2B709FEB1D0761F400D15D43 /* Resources */,
			);
			buildRules = (
			);
			dependencies = (
				2B709FEF1D0761F400D15D43 /* PBXTargetDependency */,
			);
			name = TAMIXUITests;
			productName = TAMIXUITests;
			productReference = 2B709FED1D0761F400D15D43 /* TAMIXUITests.xctest */;
			productType = "com.apple.product-type.bundle.ui-testing";
		};
/* End PBXNativeTarget section */

/* Begin PBXProject section */
		2B709FC41D0761F300D15D43 /* Project object */ = {
			isa = PBXProject;
			attributes = {
				LastSwiftUpdateCheck = 0730;
				LastUpgradeCheck = 0730;
				ORGANIZATIONNAME = "Sergio Daniel L Garcia";
				TargetAttributes = {
					2B709FCB1D0761F300D15D43 = {
						CreatedOnToolsVersion = 7.3.1;
					};
					2B709FE11D0761F400D15D43 = {
						CreatedOnToolsVersion = 7.3.1;
						TestTargetID = 2B709FCB1D0761F300D15D43;
					};
					2B709FEC1D0761F400D15D43 = {
						CreatedOnToolsVersion = 7.3.1;
						TestTargetID = 2B709FCB1D0761F300D15D43;
					};
				};
			};
			buildConfigurationList = 2B709FC71D0761F300D15D43 /* Build configuration list for PBXProject "TAMIX" */;
			compatibilityVersion = "Xcode 3.2";
			developmentRegion = English;
			hasScannedForEncodings = 0;
			knownRegions = (
				en,
				Base,
			);
			mainGroup = 2B709FC31D0761F300D15D43;
			productRefGroup = 2B709FCD1D0761F300D15D43 /* Products */;
			projectDirPath = "";
			projectRoot = "";
			targets = (
				2B709FCB1D0761F300D15D43 /* TAMIX */,
				2B709FE11D0761F400D15D43 /* TAMIXTests */,
				2B709FEC1D0761F400D15D43 /* TAMIXUITests */,
			);
		};
/* End PBXProject section */

/* Begin PBXResourcesBuildPhase section */
		2B709FCA1D0761F300D15D43 /* Resources */ = {
			isa = PBXResourcesBuildPhase;
			buildActionMask = 2147483647;
			files = (
				2B709FD91D0761F400D15D43 /* Assets.xcassets in Resources */,
				2B709FDC1D0761F400D15D43 /* Main.storyboard in Resources */,
			);
			runOnlyForDeploymentPostprocessing = 0;
		};
		2B709FE01D0761F400D15D43 /* Resources */ = {
			isa = PBXResourcesBuildPhase;
			buildActionMask = 2147483647;
			files = (
			);
			runOnlyForDeploymentPostprocessing = 0;
		};
		2B709FEB1D0761F400D15D43 /* Resources */ = {
			isa = PBXResourcesBuildPhase;
			buildActionMask = 2147483647;
			files = (
			);
			runOnlyForDeploymentPostprocessing = 0;
		};
/* End PBXResourcesBuildPhase section */

/* Begin PBXSourcesBuildPhase section */
		2B709FC81D0761F300D15D43 /* Sources */ = {
			isa = PBXSourcesBuildPhase;
			buildActionMask = 2147483647;
			files = (
				2B709FD71D0761F400D15D43 /* Document.xcdatamodeld in Sources */,
				2B709FD21D0761F400D15D43 /* ViewController.swift in Sources */,
				2B709FD01D0761F400D15D43 /* AppDelegate.swift in Sources */,
				2B709FD41D0761F400D15D43 /* Document.swift in Sources */,
			);
			runOnlyForDeploymentPostprocessing = 0;
		};
		2B709FDE1D0761F400D15D43 /* Sources */ = {
			isa = PBXSourcesBuildPhase;
			buildActionMask = 2147483647;
			files = (
				2B709FE71D0761F400D15D43 /* TAMIXTests.swift in Sources */,
			);
			runOnlyForDeploymentPostprocessing = 0;
		};
		2B709FE91D0761F400D15D43 /* Sources */ = {
			isa = PBXSourcesBuildPhase;
			buildActionMask = 2147483647;
			files = (
				2B709FF21D0761F400D15D43 /* TAMIXUITests.swift in Sources */,
			);
			runOnlyForDeploymentPostprocessing = 0;
		};
/* End PBXSourcesBuildPhase section */

/* Begin PBXTargetDependency section */
		2B709FE41D0761F400D15D43 /* PBXTargetDependency */ = {
			isa = PBXTargetDependency;
			target = 2B709FCB1D0761F300D15D43 /* TAMIX */;
			targetProxy = 2B709FE31D0761F400D15D43 /* PBXContainerItemProxy */;
		};
		2B709FEF1D0761F400D15D43 /* PBXTargetDependency */ = {
			isa = PBXTargetDependency;
			target = 2B709FCB1D0761F300D15D43 /* TAMIX */;
			targetProxy = 2B709FEE1D0761F400D15D43 /* PBXContainerItemProxy */;
		};
/* End PBXTargetDependency section */

/* Begin PBXVariantGroup section */
		2B709FDA1D0761F400D15D43 /* Main.storyboard */ = {
			isa = PBXVariantGroup;
			children = (
				2B709FDB1D0761F400D15D43 /* Base */,
			);
			name = Main.storyboard;
			sourceTree = "<group>";
		};
/* End PBXVariantGroup section */

/* Begin XCBuildConfiguration section */
		2B709FF41D0761F400D15D43 /* Debug */ = {
			isa = XCBuildConfiguration;
			buildSettings = {
				ALWAYS_SEARCH_USER_PATHS = NO;
				CLANG_ANALYZER_NONNULL = YES;
				CLANG_CXX_LANGUAGE_STANDARD = "gnu++0x";
				CLANG_CXX_LIBRARY = "libc++";
				CLANG_ENABLE_MODULES = YES;
				CLANG_ENABLE_OBJC_ARC = YES;
				CLANG_WARN_BOOL_CONVERSION = YES;
				CLANG_WARN_CONSTANT_CONVERSION = YES;
				CLANG_WARN_DIRECT_OBJC_ISA_USAGE = YES_ERROR;
				CLANG_WARN_EMPTY_BODY = YES;
				CLANG_WARN_ENUM_CONVERSION = YES;
				CLANG_WARN_INT_CONVERSION = YES;
				CLANG_WARN_OBJC_ROOT_CLASS = YES_ERROR;
				CLANG_WARN_UNREACHABLE_CODE = YES;
				CLANG_WARN__DUPLICATE_METHOD_MATCH = YES;
				CODE_SIGN_IDENTITY = "-";
				COPY_PHASE_STRIP = NO;
				DEBUG_INFORMATION_FORMAT = dwarf;
				ENABLE_STRICT_OBJC_MSGSEND = YES;
				ENABLE_TESTABILITY = YES;
				GCC_C_LANGUAGE_STANDARD = gnu99;
				GCC_DYNAMIC_NO_PIC = NO;
				GCC_NO_COMMON_BLOCKS = YES;
				GCC_OPTIMIZATION_LEVEL = 0;
				GCC_PREPROCESSOR_DEFINITIONS = (
					"DEBUG=1",
					"$(inherited)",
				);
				GCC_WARN_64_TO_32_BIT_CONVERSION = YES;
				GCC_WARN_ABOUT_RETURN_TYPE = YES_ERROR;
				GCC_WARN_UNDECLARED_SELECTOR = YES;
				GCC_WARN_UNINITIALIZED_AUTOS = YES_AGGRESSIVE;
				GCC_WARN_UNUSED_FUNCTION = YES;
				GCC_WARN_UNUSED_VARIABLE = YES;
				MACOSX_DEPLOYMENT_TARGET = 10.11;
				MTL_ENABLE_DEBUG_INFO = YES;
				ONLY_ACTIVE_ARCH = YES;
				SDKROOT = macosx;
				SWIFT_OPTIMIZATION_LEVEL = "-Onone";
			};
			name = Debug;
		};
		2B709FF51D0761F400D15D43 /* Release */ = {
			isa = XCBuildConfiguration;
			buildSettings = {
				ALWAYS_SEARCH_USER_PATHS = NO;
				CLANG_ANALYZER_NONNULL = YES;
				CLANG_CXX_LANGUAGE_STANDARD = "gnu++0x";
				CLANG_CXX_LIBRARY = "libc++";
				CLANG_ENABLE_MODULES = YES;
				CLANG_ENABLE_OBJC_ARC = YES;
				CLANG_WARN_BOOL_CONVERSION = YES;
				CLANG_WARN_CONSTANT_CONVERSION = YES;
				CLANG_WARN_DIRECT_OBJC_ISA_USAGE = YES_ERROR;
				CLANG_WARN_EMPTY_BODY = YES;
				CLANG_WARN_ENUM_CONVERSION = YES;
				CLANG_WARN_INT_CONVERSION = YES;
				CLANG_WARN_OBJC_ROOT_CLASS = YES_ERROR;
				CLANG_WARN_UNREACHABLE_CODE = YES;
				CLANG_WARN__DUPLICATE_METHOD_MATCH = YES;
				CODE_SIGN_IDENTITY = "-";
				COPY_PHASE_STRIP = NO;
				DEBUG_INFORMATION_FORMAT = "dwarf-with-dsym";
				ENABLE_NS_ASSERTIONS = NO;
				ENABLE_STRICT_OBJC_MSGSEND = YES;
				GCC_C_LANGUAGE_STANDARD = gnu99;
				GCC_NO_COMMON_BLOCKS = YES;
				GCC_WARN_64_TO_32_BIT_CONVERSION = YES;
				GCC_WARN_ABOUT_RETURN_TYPE = YES_ERROR;
				GCC_WARN_UNDECLARED_SELECTOR = YES;
				GCC_WARN_UNINITIALIZED_AUTOS = YES_AGGRESSIVE;
				GCC_WARN_UNUSED_FUNCTION = YES;
				GCC_WARN_UNUSED_VARIABLE = YES;
				MACOSX_DEPLOYMENT_TARGET = 10.11;
				MTL_ENABLE_DEBUG_INFO = NO;
				SDKROOT = macosx;
			};
			name = Release;
		};
		2B709FF71D0761F400D15D43 /* Debug */ = {
			isa = XCBuildConfiguration;
			buildSettings = {
				ASSETCATALOG_COMPILER_APPICON_NAME = AppIcon;
				COMBINE_HIDPI_IMAGES = YES;
				INFOPLIST_FILE = TAMIX/Info.plist;
				LD_RUNPATH_SEARCH_PATHS = "$(inherited) @executable_path/../Frameworks";
				PRODUCT_BUNDLE_IDENTIFIER = io.zheref.TAMIX;
				PRODUCT_NAME = "$(TARGET_NAME)";
			};
			name = Debug;
		};
		2B709FF81D0761F400D15D43 /* Release */ = {
			isa = XCBuildConfiguration;
			buildSettings = {
				ASSETCATALOG_COMPILER_APPICON_NAME = AppIcon;
				COMBINE_HIDPI_IMAGES = YES;
				INFOPLIST_FILE = TAMIX/Info.plist;
				LD_RUNPATH_SEARCH_PATHS = "$(inherited) @executable_path/../Frameworks";
				PRODUCT_BUNDLE_IDENTIFIER = io.zheref.TAMIX;
				PRODUCT_NAME = "$(TARGET_NAME)";
			};
			name = Release;
		};
		2B709FFA1D0761F400D15D43 /* Debug */ = {
			isa = XCBuildConfiguration;
			buildSettings = {
				BUNDLE_LOADER = "$(TEST_HOST)";
				COMBINE_HIDPI_IMAGES = YES;
				INFOPLIST_FILE = TAMIXTests/Info.plist;
				LD_RUNPATH_SEARCH_PATHS = "$(inherited) @executable_path/../Frameworks @loader_path/../Frameworks";
				PRODUCT_BUNDLE_IDENTIFIER = io.zheref.TAMIXTests;
				PRODUCT_NAME = "$(TARGET_NAME)";
				TEST_HOST = "$(BUILT_PRODUCTS_DIR)/TAMIX.app/Contents/MacOS/TAMIX";
			};
			name = Debug;
		};
		2B709FFB1D0761F400D15D43 /* Release */ = {
			isa = XCBuildConfiguration;
			buildSettings = {
				BUNDLE_LOADER = "$(TEST_HOST)";
				COMBINE_HIDPI_IMAGES = YES;
				INFOPLIST_FILE = TAMIXTests/Info.plist;
				LD_RUNPATH_SEARCH_PATHS = "$(inherited) @executable_path/../Frameworks @loader_path/../Frameworks";
				PRODUCT_BUNDLE_IDENTIFIER = io.zheref.TAMIXTests;
				PRODUCT_NAME = "$(TARGET_NAME)";
				TEST_HOST = "$(BUILT_PRODUCTS_DIR)/TAMIX.app/Contents/MacOS/TAMIX";
			};
			name = Release;
		};
		2B709FFD1D0761F400D15D43 /* Debug */ = {
			isa = XCBuildConfiguration;
			buildSettings = {
				COMBINE_HIDPI_IMAGES = YES;
				INFOPLIST_FILE = TAMIXUITests/Info.plist;
				LD_RUNPATH_SEARCH_PATHS = "$(inherited) @executable_path/../Frameworks @loader_path/../Frameworks";
				PRODUCT_BUNDLE_IDENTIFIER = io.zheref.TAMIXUITests;
				PRODUCT_NAME = "$(TARGET_NAME)";
				TEST_TARGET_NAME = TAMIX;
			};
			name = Debug;
		};
		2B709FFE1D0761F400D15D43 /* Release */ = {
			isa = XCBuildConfiguration;
			buildSettings = {
				COMBINE_HIDPI_IMAGES = YES;
				INFOPLIST_FILE = TAMIXUITests/Info.plist;
				LD_RUNPATH_SEARCH_PATHS = "$(inherited) @executable_path/../Frameworks @loader_path/../Frameworks";
				PRODUCT_BUNDLE_IDENTIFIER = io.zheref.TAMIXUITests;
				PRODUCT_NAME = "$(TARGET_NAME)";
				TEST_TARGET_NAME = TAMIX;
			};
			name = Release;
		};
/* End XCBuildConfiguration section */

/* Begin XCConfigurationList section */
		2B709FC71D0761F300D15D43 /* Build configuration list for PBXProject "TAMIX" */ = {
			isa = XCConfigurationList;
			buildConfigurations = (
				2B709FF41D0761F400D15D43 /* Debug */,
				2B709FF51D0761F400D15D43 /* Release */,
			);
			defaultConfigurationIsVisible = 0;
			defaultConfigurationName = Release;
		};
		2B709FF61D0761F400D15D43 /* Build configuration list for PBXNativeTarget "TAMIX" */ = {
			isa = XCConfigurationList;
			buildConfigurations = (
				2B709FF71D0761F400D15D43 /* Debug */,
				2B709FF81D0761F400D15D43 /* Release */,
			);
			defaultConfigurationIsVisible = 0;
		};
		2B709FF91D0761F400D15D43 /* Build configuration list for PBXNativeTarget "TAMIXTests" */ = {
			isa = XCConfigurationList;
			buildConfigurations = (
				2B709FFA1D0761F400D15D43 /* Debug */,
				2B709FFB1D0761F400D15D43 /* Release */,
			);
			defaultConfigurationIsVisible = 0;
		};
		2B709FFC1D0761F400D15D43 /* Build configuration list for PBXNativeTarget "TAMIXUITests" */ = {
			isa = XCConfigurationList;
			buildConfigurations = (
				2B709FFD1D0761F400D15D43 /* Debug */,
				2B709FFE1D0761F400D15D43 /* Release */,
			);
			defaultConfigurationIsVisible = 0;
		};
/* End XCConfigurationList section */

/* Begin XCVersionGroup section */
		2B709FD51D0761F400D15D43 /* Document.xcdatamodeld */ = {
			isa = XCVersionGroup;
			children = (
				2B709FD61D0761F400D15D43 /* Document.xcdatamodel */,
			);
			currentVersion = 2B709FD61D0761F400D15D43 /* Document.xcdatamodel */;
			path = Document.xcdatamodeld;
			sourceTree = "<group>";
			versionGroupType = wrapper.xcdatamodel;
		};
/* End XCVersionGroup section */
	};
	rootObject = 2B709FC41D0761F300D15D43 /* Project object */;
}
